
Microsoft Visual Studio Solution File, Format Version 12.00
# Visual Studio Version 17
VisualStudioVersion = 17.3.32901.215
MinimumVisualStudioVersion = 10.0.40219.1
Project("{9A19103F-16F7-4668-BE54-9A1E7A4F7556}") = "DirCopy", "src\DirCopy.csproj", "{7AAD672B-7347-4BDF-BD16-A8F155409A79}"
EndProject
Global
	GlobalSection(SolutionConfigurationPlatforms) = preSolution
		Debug|Any CPU = Debug|Any CPU
		Release|Any CPU = Release|Any CPU
	EndGlobalSection
	GlobalSection(ProjectConfigurationPlatforms) = postSolution
		{7AAD672B-7347-4BDF-BD16-A8F155409A79}.Debug|Any CPU.ActiveCfg = Debug|Any CPU
		{7AAD672B-7347-4BDF-BD16-A8F155409A79}.Debug|Any CPU.Build.0 = Debug|Any CPU
		{7AAD672B-7347-4BDF-BD16-A8F155409A79}.Release|Any CPU.ActiveCfg = Release|Any CPU
		{7AAD672B-7347-4BDF-BD16-A8F155409A79}.Release|Any CPU.Build.0 = Release|Any CPU
	EndGlobalSection
	GlobalSection(SolutionProperties) = preSolution
		HideSolutionNode = FALSE
	EndGlobalSection
	GlobalSection(ExtensibilityGlobals) = postSolution
		SolutionGuid = {3890C270-E5DA-482B-B985-ECA223A6FD14}
	EndGlobalSection
EndGlobal
